
Microsoft Visual Studio Solution File, Format Version 12.00
# Visual Studio Version 17
VisualStudioVersion = 17.14.36127.28
MinimumVisualStudioVersion = 10.0.40219.1
Project("{FAE04EC0-301F-11D3-BF4B-00C04F79EFBC}") = "WebAPI", "WebAPI\WebAPI.csproj", "{1963FF41-1B1B-D560-A22D-F9D3C981C941}"
EndProject
Project("{FAE04EC0-301F-11D3-BF4B-00C04F79EFBC}") = "API.Client", "API.Client\API.Client.csproj", "{A4E2DBE2-95E0-1F25-DA07-6839D6148BB2}"
EndProject
Project("{FAE04EC0-301F-11D3-BF4B-00C04F79EFBC}") = "Data", "Data\Data.csproj", "{AE8E2E54-CA0B-F6F5-0102-F79722AD1421}"
EndProject
Project("{FAE04EC0-301F-11D3-BF4B-00C04F79EFBC}") = "DTOs", "DTOs\DTOs.csproj", "{4F088159-FE53-1417-AD52-55A97CB2FBB6}"
EndProject
Project("{FAE04EC0-301F-11D3-BF4B-00C04F79EFBC}") = "Domain.Model", "Domain.Model\Domain.Model.csproj", "{C0C86F5D-4858-21E0-9C6C-34B56BF7D57B}"
EndProject
Project("{FAE04EC0-301F-11D3-BF4B-00C04F79EFBC}") = "Domain.Services", "Domain.Services\Domain.Services.csproj", "{53A7AB9A-FE69-AA24-E36A-8868E050CC65}"
EndProject
Project("{FAE04EC0-301F-11D3-BF4B-00C04F79EFBC}") = "WindowsForm", "WindowsForm\WindowsForm.csproj", "{AA0040CF-D497-B7DD-CD5D-3B1E2DE1A68D}"
EndProject
Project("{FAE04EC0-301F-11D3-BF4B-00C04F79EFBC}") = "API.Auth.Blazor.WebAssembly", "API.Auth.Blazor.WebAssembly\API.Auth.Blazor.WebAssembly.csproj", "{A4045335-B2A4-458F-8FA5-B23856177AD6}"
EndProject
Project("{FAE04EC0-301F-11D3-BF4B-00C04F79EFBC}") = "Blazor.WebAssembly", "Blazor.WebAssembly\Blazor.WebAssembly.csproj", "{66C7654B-321C-4CB6-A47E-F2DA4D8E4E69}"
EndProject
Global
	GlobalSection(SolutionConfigurationPlatforms) = preSolution
		Debug|Any CPU = Debug|Any CPU
		Debug|x64 = Debug|x64
		Debug|x86 = Debug|x86
		Release|Any CPU = Release|Any CPU
		Release|x64 = Release|x64
		Release|x86 = Release|x86
	EndGlobalSection
	GlobalSection(ProjectConfigurationPlatforms) = postSolution
		{1963FF41-1B1B-D560-A22D-F9D3C981C941}.Debug|Any CPU.ActiveCfg = Debug|Any CPU
		{1963FF41-1B1B-D560-A22D-F9D3C981C941}.Debug|Any CPU.Build.0 = Debug|Any CPU
		{1963FF41-1B1B-D560-A22D-F9D3C981C941}.Debug|x64.ActiveCfg = Debug|Any CPU
		{1963FF41-1B1B-D560-A22D-F9D3C981C941}.Debug|x64.Build.0 = Debug|Any CPU
		{1963FF41-1B1B-D560-A22D-F9D3C981C941}.Debug|x86.ActiveCfg = Debug|Any CPU
		{1963FF41-1B1B-D560-A22D-F9D3C981C941}.Debug|x86.Build.0 = Debug|Any CPU
		{1963FF41-1B1B-D560-A22D-F9D3C981C941}.Release|Any CPU.ActiveCfg = Release|Any CPU
		{1963FF41-1B1B-D560-A22D-F9D3C981C941}.Release|Any CPU.Build.0 = Release|Any CPU
		{1963FF41-1B1B-D560-A22D-F9D3C981C941}.Release|x64.ActiveCfg = Release|Any CPU
		{1963FF41-1B1B-D560-A22D-F9D3C981C941}.Release|x64.Build.0 = Release|Any CPU
		{1963FF41-1B1B-D560-A22D-F9D3C981C941}.Release|x86.ActiveCfg = Release|Any CPU
		{1963FF41-1B1B-D560-A22D-F9D3C981C941}.Release|x86.Build.0 = Release|Any CPU
		{A4E2DBE2-95E0-1F25-DA07-6839D6148BB2}.Debug|Any CPU.ActiveCfg = Debug|Any CPU
		{A4E2DBE2-95E0-1F25-DA07-6839D6148BB2}.Debug|Any CPU.Build.0 = Debug|Any CPU
		{A4E2DBE2-95E0-1F25-DA07-6839D6148BB2}.Debug|x64.ActiveCfg = Debug|Any CPU
		{A4E2DBE2-95E0-1F25-DA07-6839D6148BB2}.Debug|x64.Build.0 = Debug|Any CPU
		{A4E2DBE2-95E0-1F25-DA07-6839D6148BB2}.Debug|x86.ActiveCfg = Debug|Any CPU
		{A4E2DBE2-95E0-1F25-DA07-6839D6148BB2}.Debug|x86.Build.0 = Debug|Any CPU
		{A4E2DBE2-95E0-1F25-DA07-6839D6148BB2}.Release|Any CPU.ActiveCfg = Release|Any CPU
		{A4E2DBE2-95E0-1F25-DA07-6839D6148BB2}.Release|Any CPU.Build.0 = Release|Any CPU
		{A4E2DBE2-95E0-1F25-DA07-6839D6148BB2}.Release|x64.ActiveCfg = Release|Any CPU
		{A4E2DBE2-95E0-1F25-DA07-6839D6148BB2}.Release|x64.Build.0 = Release|Any CPU
		{A4E2DBE2-95E0-1F25-DA07-6839D6148BB2}.Release|x86.ActiveCfg = Release|Any CPU
		{A4E2DBE2-95E0-1F25-DA07-6839D6148BB2}.Release|x86.Build.0 = Release|Any CPU
		{AE8E2E54-CA0B-F6F5-0102-F79722AD1421}.Debug|Any CPU.ActiveCfg = Debug|Any CPU
		{AE8E2E54-CA0B-F6F5-0102-F79722AD1421}.Debug|Any CPU.Build.0 = Debug|Any CPU
		{AE8E2E54-CA0B-F6F5-0102-F79722AD1421}.Debug|x64.ActiveCfg = Debug|Any CPU
		{AE8E2E54-CA0B-F6F5-0102-F79722AD1421}.Debug|x64.Build.0 = Debug|Any CPU
		{AE8E2E54-CA0B-F6F5-0102-F79722AD1421}.Debug|x86.ActiveCfg = Debug|Any CPU
		{AE8E2E54-CA0B-F6F5-0102-F79722AD1421}.Debug|x86.Build.0 = Debug|Any CPU
		{AE8E2E54-CA0B-F6F5-0102-F79722AD1421}.Release|Any CPU.ActiveCfg = Release|Any CPU
		{AE8E2E54-CA0B-F6F5-0102-F79722AD1421}.Release|Any CPU.Build.0 = Release|Any CPU
		{AE8E2E54-CA0B-F6F5-0102-F79722AD1421}.Release|x64.ActiveCfg = Release|Any CPU
		{AE8E2E54-CA0B-F6F5-0102-F79722AD1421}.Release|x64.Build.0 = Release|Any CPU
		{AE8E2E54-CA0B-F6F5-0102-F79722AD1421}.Release|x86.ActiveCfg = Release|Any CPU
		{AE8E2E54-CA0B-F6F5-0102-F79722AD1421}.Release|x86.Build.0 = Release|Any CPU
		{4F088159-FE53-1417-AD52-55A97CB2FBB6}.Debug|Any CPU.ActiveCfg = Debug|Any CPU
		{4F088159-FE53-1417-AD52-55A97CB2FBB6}.Debug|Any CPU.Build.0 = Debug|Any CPU
		{4F088159-FE53-1417-AD52-55A97CB2FBB6}.Debug|x64.ActiveCfg = Debug|Any CPU
		{4F088159-FE53-1417-AD52-55A97CB2FBB6}.Debug|x64.Build.0 = Debug|Any CPU
		{4F088159-FE53-1417-AD52-55A97CB2FBB6}.Debug|x86.ActiveCfg = Debug|Any CPU
		{4F088159-FE53-1417-AD52-55A97CB2FBB6}.Debug|x86.Build.0 = Debug|Any CPU
		{4F088159-FE53-1417-AD52-55A97CB2FBB6}.Release|Any CPU.ActiveCfg = Release|Any CPU
		{4F088159-FE53-1417-AD52-55A97CB2FBB6}.Release|Any CPU.Build.0 = Release|Any CPU
		{4F088159-FE53-1417-AD52-55A97CB2FBB6}.Release|x64.ActiveCfg = Release|Any CPU
		{4F088159-FE53-1417-AD52-55A97CB2FBB6}.Release|x64.Build.0 = Release|Any CPU
		{4F088159-FE53-1417-AD52-55A97CB2FBB6}.Release|x86.ActiveCfg = Release|Any CPU
		{4F088159-FE53-1417-AD52-55A97CB2FBB6}.Release|x86.Build.0 = Release|Any CPU
		{C0C86F5D-4858-21E0-9C6C-34B56BF7D57B}.Debug|Any CPU.ActiveCfg = Debug|Any CPU
		{C0C86F5D-4858-21E0-9C6C-34B56BF7D57B}.Debug|Any CPU.Build.0 = Debug|Any CPU
		{C0C86F5D-4858-21E0-9C6C-34B56BF7D57B}.Debug|x64.ActiveCfg = Debug|Any CPU
		{C0C86F5D-4858-21E0-9C6C-34B56BF7D57B}.Debug|x64.Build.0 = Debug|Any CPU
		{C0C86F5D-4858-21E0-9C6C-34B56BF7D57B}.Debug|x86.ActiveCfg = Debug|Any CPU
		{C0C86F5D-4858-21E0-9C6C-34B56BF7D57B}.Debug|x86.Build.0 = Debug|Any CPU
		{C0C86F5D-4858-21E0-9C6C-34B56BF7D57B}.Release|Any CPU.ActiveCfg = Release|Any CPU
		{C0C86F5D-4858-21E0-9C6C-34B56BF7D57B}.Release|Any CPU.Build.0 = Release|Any CPU
		{C0C86F5D-4858-21E0-9C6C-34B56BF7D57B}.Release|x64.ActiveCfg = Release|Any CPU
		{C0C86F5D-4858-21E0-9C6C-34B56BF7D57B}.Release|x64.Build.0 = Release|Any CPU
		{C0C86F5D-4858-21E0-9C6C-34B56BF7D57B}.Release|x86.ActiveCfg = Release|Any CPU
		{C0C86F5D-4858-21E0-9C6C-34B56BF7D57B}.Release|x86.Build.0 = Release|Any CPU
		{53A7AB9A-FE69-AA24-E36A-8868E050CC65}.Debug|Any CPU.ActiveCfg = Debug|Any CPU
		{53A7AB9A-FE69-AA24-E36A-8868E050CC65}.Debug|Any CPU.Build.0 = Debug|Any CPU
		{53A7AB9A-FE69-AA24-E36A-8868E050CC65}.Debug|x64.ActiveCfg = Debug|Any CPU
		{53A7AB9A-FE69-AA24-E36A-8868E050CC65}.Debug|x64.Build.0 = Debug|Any CPU
		{53A7AB9A-FE69-AA24-E36A-8868E050CC65}.Debug|x86.ActiveCfg = Debug|Any CPU
		{53A7AB9A-FE69-AA24-E36A-8868E050CC65}.Debug|x86.Build.0 = Debug|Any CPU
		{53A7AB9A-FE69-AA24-E36A-8868E050CC65}.Release|Any CPU.ActiveCfg = Release|Any CPU
		{53A7AB9A-FE69-AA24-E36A-8868E050CC65}.Release|Any CPU.Build.0 = Release|Any CPU
		{53A7AB9A-FE69-AA24-E36A-8868E050CC65}.Release|x64.ActiveCfg = Release|Any CPU
		{53A7AB9A-FE69-AA24-E36A-8868E050CC65}.Release|x64.Build.0 = Release|Any CPU
		{53A7AB9A-FE69-AA24-E36A-8868E050CC65}.Release|x86.ActiveCfg = Release|Any CPU
		{53A7AB9A-FE69-AA24-E36A-8868E050CC65}.Release|x86.Build.0 = Release|Any CPU
		{AA0040CF-D497-B7DD-CD5D-3B1E2DE1A68D}.Debug|Any CPU.ActiveCfg = Debug|Any CPU
		{AA0040CF-D497-B7DD-CD5D-3B1E2DE1A68D}.Debug|Any CPU.Build.0 = Debug|Any CPU
		{AA0040CF-D497-B7DD-CD5D-3B1E2DE1A68D}.Debug|x64.ActiveCfg = Debug|Any CPU
		{AA0040CF-D497-B7DD-CD5D-3B1E2DE1A68D}.Debug|x64.Build.0 = Debug|Any CPU
		{AA0040CF-D497-B7DD-CD5D-3B1E2DE1A68D}.Debug|x86.ActiveCfg = Debug|Any CPU
		{AA0040CF-D497-B7DD-CD5D-3B1E2DE1A68D}.Debug|x86.Build.0 = Debug|Any CPU
		{AA0040CF-D497-B7DD-CD5D-3B1E2DE1A68D}.Release|Any CPU.ActiveCfg = Release|Any CPU
		{AA0040CF-D497-B7DD-CD5D-3B1E2DE1A68D}.Release|Any CPU.Build.0 = Release|Any CPU
		{AA0040CF-D497-B7DD-CD5D-3B1E2DE1A68D}.Release|x64.ActiveCfg = Release|Any CPU
		{AA0040CF-D497-B7DD-CD5D-3B1E2DE1A68D}.Release|x64.Build.0 = Release|Any CPU
		{AA0040CF-D497-B7DD-CD5D-3B1E2DE1A68D}.Release|x86.ActiveCfg = Release|Any CPU
		{AA0040CF-D497-B7DD-CD5D-3B1E2DE1A68D}.Release|x86.Build.0 = Release|Any CPU
		{A4045335-B2A4-458F-8FA5-B23856177AD6}.Debug|Any CPU.ActiveCfg = Debug|Any CPU
		{A4045335-B2A4-458F-8FA5-B23856177AD6}.Debug|Any CPU.Build.0 = Debug|Any CPU
		{A4045335-B2A4-458F-8FA5-B23856177AD6}.Debug|x64.ActiveCfg = Debug|Any CPU
		{A4045335-B2A4-458F-8FA5-B23856177AD6}.Debug|x64.Build.0 = Debug|Any CPU
		{A4045335-B2A4-458F-8FA5-B23856177AD6}.Debug|x86.ActiveCfg = Debug|Any CPU
		{A4045335-B2A4-458F-8FA5-B23856177AD6}.Debug|x86.Build.0 = Debug|Any CPU
		{A4045335-B2A4-458F-8FA5-B23856177AD6}.Release|Any CPU.ActiveCfg = Release|Any CPU
		{A4045335-B2A4-458F-8FA5-B23856177AD6}.Release|Any CPU.Build.0 = Release|Any CPU
		{A4045335-B2A4-458F-8FA5-B23856177AD6}.Release|x64.ActiveCfg = Release|Any CPU
		{A4045335-B2A4-458F-8FA5-B23856177AD6}.Release|x64.Build.0 = Release|Any CPU
		{A4045335-B2A4-458F-8FA5-B23856177AD6}.Release|x86.ActiveCfg = Release|Any CPU
		{A4045335-B2A4-458F-8FA5-B23856177AD6}.Release|x86.Build.0 = Release|Any CPU
		{66C7654B-321C-4CB6-A47E-F2DA4D8E4E69}.Debug|Any CPU.ActiveCfg = Debug|Any CPU
		{66C7654B-321C-4CB6-A47E-F2DA4D8E4E69}.Debug|Any CPU.Build.0 = Debug|Any CPU
		{66C7654B-321C-4CB6-A47E-F2DA4D8E4E69}.Debug|x64.ActiveCfg = Debug|Any CPU
		{66C7654B-321C-4CB6-A47E-F2DA4D8E4E69}.Debug|x64.Build.0 = Debug|Any CPU
		{66C7654B-321C-4CB6-A47E-F2DA4D8E4E69}.Debug|x86.ActiveCfg = Debug|Any CPU
		{66C7654B-321C-4CB6-A47E-F2DA4D8E4E69}.Debug|x86.Build.0 = Debug|Any CPU
		{66C7654B-321C-4CB6-A47E-F2DA4D8E4E69}.Release|Any CPU.ActiveCfg = Release|Any CPU
		{66C7654B-321C-4CB6-A47E-F2DA4D8E4E69}.Release|Any CPU.Build.0 = Release|Any CPU
		{66C7654B-321C-4CB6-A47E-F2DA4D8E4E69}.Release|x64.ActiveCfg = Release|Any CPU
		{66C7654B-321C-4CB6-A47E-F2DA4D8E4E69}.Release|x64.Build.0 = Release|Any CPU
		{66C7654B-321C-4CB6-A47E-F2DA4D8E4E69}.Release|x86.ActiveCfg = Release|Any CPU
		{66C7654B-321C-4CB6-A47E-F2DA4D8E4E69}.Release|x86.Build.0 = Release|Any CPU
	EndGlobalSection
	GlobalSection(SolutionProperties) = preSolution
		HideSolutionNode = FALSE
	EndGlobalSection
	GlobalSection(ExtensibilityGlobals) = postSolution
		SolutionGuid = {70FA6FA0-9713-4B4D-8679-1847507F22F2}
	EndGlobalSection
EndGlobal
